
Microsoft Visual Studio Solution File, Format Version 12.00
# Visual Studio 15
VisualStudioVersion = 15.0.27004.2009
MinimumVisualStudioVersion = 10.0.40219.1
Project("{9A19103F-16F7-4668-BE54-9A1E7A4F7556}") = "Angular2", "Angular2.csproj", "{936B02E7-DEA0-4070-86FA-3BB49D1DC0E0}"
EndProject
Global
	GlobalSection(SolutionConfigurationPlatforms) = preSolution
		Debug|Any CPU = Debug|Any CPU
		Release|Any CPU = Release|Any CPU
	EndGlobalSection
	GlobalSection(ProjectConfigurationPlatforms) = postSolution
		{936B02E7-DEA0-4070-86FA-3BB49D1DC0E0}.Debug|Any CPU.ActiveCfg = Debug|Any CPU
		{936B02E7-DEA0-4070-86FA-3BB49D1DC0E0}.Debug|Any CPU.Build.0 = Debug|Any CPU
		{936B02E7-DEA0-4070-86FA-3BB49D1DC0E0}.Release|Any CPU.ActiveCfg = Release|Any CPU
		{936B02E7-DEA0-4070-86FA-3BB49D1DC0E0}.Release|Any CPU.Build.0 = Release|Any CPU
	EndGlobalSection
	GlobalSection(SolutionProperties) = preSolution
		HideSolutionNode = FALSE
	EndGlobalSection
	GlobalSection(ExtensibilityGlobals) = postSolution
		SolutionGuid = {82B14DC7-516A-44FC-936B-8DB3EFE6341D}
	EndGlobalSection
EndGlobal
